<?xml version="1.0" encoding="utf-8"?>
<Project ToolsVersion="4.0" xmlns="http://schemas.microsoft.com/developer/msbuild/2003">
  <ItemGroup>
    <Filter Include="Библиотека">
      <UniqueIdentifier>{1fb1b51a-7d4c-4e04-9018-027c0d05b609}</UniqueIdentifier>
    </Filter>
    <Filter Include="Логика">
      <UniqueIdentifier>{f5bf2017-87bb-41b7-8857-b13d7bd29e9a}</UniqueIdentifier>
    </Filter>
  </ItemGroup>
  <ItemGroup>
    <ClInclude Include="adat.h">
      <Filter>Библиотека</Filter>
    </ClInclude>
    <ClInclude Include="bitops.h">
      <Filter>Библиотека</Filter>
    </ClInclude>
    <ClInclude Include="bstream.h">
      <Filter>Библиотека</Filter>
    </ClInclude>
    <ClInclude Include="color.h">
      <Filter>Библиотека</Filter>
    </ClInclude>
    <ClInclude Include="command.h">
      <Filter>Библиотека</Filter>
    </ClInclude>
    <ClInclude Include="crt.h">
      <Filter>Библиотека</Filter>
    </ClInclude>
    <ClInclude Include="dice.h">
      <Filter>Библиотека</Filter>
    </ClInclude>
    <ClInclude Include="draw.h">
      <Filter>Библиотека</Filter>
    </ClInclude>
    <ClInclude Include="io.h">
      <Filter>Библиотека</Filter>
    </ClInclude>
    <ClInclude Include="logs.h">
      <Filter>Библиотека</Filter>
    </ClInclude>
    <ClInclude Include="pma.h">
      <Filter>Библиотека</Filter>
    </ClInclude>
    <ClInclude Include="point.h">
      <Filter>Библиотека</Filter>
    </ClInclude>
    <ClInclude Include="rect.h">
      <Filter>Библиотека</Filter>
    </ClInclude>
    <ClInclude Include="sprite.h">
      <Filter>Библиотека</Filter>
    </ClInclude>
    <ClInclude Include="stringcreator.h">
      <Filter>Библиотека</Filter>
    </ClInclude>
    <ClInclude Include="stringid.h">
      <Filter>Библиотека</Filter>
    </ClInclude>
    <ClInclude Include="surface.h">
      <Filter>Библиотека</Filter>
    </ClInclude>
    <ClInclude Include="win.h">
      <Filter>Библиотека</Filter>
    </ClInclude>
    <ClInclude Include="main.h">
      <Filter>Логика</Filter>
    </ClInclude>
  </ItemGroup>
  <ItemGroup>
    <ClCompile Include="bitops.cpp">
      <Filter>Библиотека</Filter>
    </ClCompile>
    <ClCompile Include="bstream.cpp">
      <Filter>Библиотека</Filter>
    </ClCompile>
    <ClCompile Include="color.cpp">
      <Filter>Библиотека</Filter>
    </ClCompile>
    <ClCompile Include="command.cpp">
      <Filter>Библиотека</Filter>
    </ClCompile>
    <ClCompile Include="crt.cpp">
      <Filter>Библиотека</Filter>
    </ClCompile>
    <ClCompile Include="crt_parse.cpp">
      <Filter>Библиотека</Filter>
    </ClCompile>
    <ClCompile Include="dice.cpp">
      <Filter>Библиотека</Filter>
    </ClCompile>
    <ClCompile Include="draw.cpp">
      <Filter>Библиотека</Filter>
    </ClCompile>
    <ClCompile Include="draw_input.cpp">
      <Filter>Библиотека</Filter>
    </ClCompile>
    <ClCompile Include="draw_text.cpp">
      <Filter>Библиотека</Filter>
    </ClCompile>
    <ClCompile Include="draw_textf.cpp">
      <Filter>Библиотека</Filter>
    </ClCompile>
    <ClCompile Include="io.cpp">
      <Filter>Библиотека</Filter>
    </ClCompile>
    <ClCompile Include="logs.cpp">
      <Filter>Библиотека</Filter>
    </ClCompile>
    <ClCompile Include="pma.cpp">
      <Filter>Библиотека</Filter>
    </ClCompile>
    <ClCompile Include="point.cpp">
      <Filter>Библиотека</Filter>
    </ClCompile>
    <ClCompile Include="sprite.cpp">
      <Filter>Библиотека</Filter>
    </ClCompile>
    <ClCompile Include="stringcreator.cpp">
      <Filter>Библиотека</Filter>
    </ClCompile>
    <ClCompile Include="surface.cpp">
      <Filter>Библиотека</Filter>
    </ClCompile>
    <ClCompile Include="surface_serial.cpp">
      <Filter>Библиотека</Filter>
    </ClCompile>
    <ClCompile Include="win_draw.cpp">
      <Filter>Библиотека</Filter>
    </ClCompile>
    <ClCompile Include="win_io_file.cpp">
      <Filter>Библиотека</Filter>
    </ClCompile>
    <ClCompile Include="main.cpp">
      <Filter>Логика</Filter>
    </ClCompile>
    <ClCompile Include="print.cpp">
      <Filter>Логика</Filter>
    </ClCompile>
  </ItemGroup>
</Project>